
Microsoft Visual Studio Solution File, Format Version 12.00
# Visual Studio Version 17
VisualStudioVersion = 17.12.35527.113 d17.12
MinimumVisualStudioVersion = 10.0.40219.1
Project("{FAE04EC0-301F-11D3-BF4B-00C04F79EFBC}") = "PollenApp", "PollenApp\PollenApp.csproj", "{50FFCF5A-8F8A-4D03-8CC8-E9B1F72A787E}"
EndProject
Global
	GlobalSection(SolutionConfigurationPlatforms) = preSolution
		Debug|Any CPU = Debug|Any CPU
		Release|Any CPU = Release|Any CPU
	EndGlobalSection
	GlobalSection(ProjectConfigurationPlatforms) = postSolution
		{50FFCF5A-8F8A-4D03-8CC8-E9B1F72A787E}.Debug|Any CPU.ActiveCfg = Debug|Any CPU
		{50FFCF5A-8F8A-4D03-8CC8-E9B1F72A787E}.Debug|Any CPU.Build.0 = Debug|Any CPU
		{50FFCF5A-8F8A-4D03-8CC8-E9B1F72A787E}.Release|Any CPU.ActiveCfg = Release|Any CPU
		{50FFCF5A-8F8A-4D03-8CC8-E9B1F72A787E}.Release|Any CPU.Build.0 = Release|Any CPU
	EndGlobalSection
	GlobalSection(SolutionProperties) = preSolution
		HideSolutionNode = FALSE
	EndGlobalSection
EndGlobal
